
Microsoft Visual Studio Solution File, Format Version 12.00
# Visual Studio 2013
VisualStudioVersion = 12.0.30501.0
MinimumVisualStudioVersion = 10.0.40219.1
Project("{FAE04EC0-301F-11D3-BF4B-00C04F79EFBC}") = "WebInicio2016", "WebInicio2016\WebInicio2016.csproj", "{A41571FF-BA54-42B3-B78E-7F873D1CFBBC}"
EndProject
Global
	GlobalSection(SolutionConfigurationPlatforms) = preSolution
		Debug|Any CPU = Debug|Any CPU
		Release|Any CPU = Release|Any CPU
	EndGlobalSection
	GlobalSection(ProjectConfigurationPlatforms) = postSolution
		{A41571FF-BA54-42B3-B78E-7F873D1CFBBC}.Debug|Any CPU.ActiveCfg = Debug|Any CPU
		{A41571FF-BA54-42B3-B78E-7F873D1CFBBC}.Debug|Any CPU.Build.0 = Debug|Any CPU
		{A41571FF-BA54-42B3-B78E-7F873D1CFBBC}.Release|Any CPU.ActiveCfg = Release|Any CPU
		{A41571FF-BA54-42B3-B78E-7F873D1CFBBC}.Release|Any CPU.Build.0 = Release|Any CPU
	EndGlobalSection
	GlobalSection(SolutionProperties) = preSolution
		HideSolutionNode = FALSE
	EndGlobalSection
EndGlobal
